Microsoft Visual Studio Solution File, Format Version 12.00
# Visual Studio Version 17
VisualStudioVersion = 17.5.2.0
MinimumVisualStudioVersion = 10.0.40219.1
Project("{FAE04EC0-301F-11D3-BF4B-00C04F79EFBC}") = "rest-api-base", "rest-api-base.csproj", "{6537C079-C30C-F286-5ADE-CC755E7F20B2}"
EndProject
Global
	GlobalSection(SolutionConfigurationPlatforms) = preSolution
		Debug|Any CPU = Debug|Any CPU
		Release|Any CPU = Release|Any CPU
	EndGlobalSection
	GlobalSection(ProjectConfigurationPlatforms) = postSolution
		{6537C079-C30C-F286-5ADE-CC755E7F20B2}.Debug|Any CPU.ActiveCfg = Debug|Any CPU
		{6537C079-C30C-F286-5ADE-CC755E7F20B2}.Debug|Any CPU.Build.0 = Debug|Any CPU
		{6537C079-C30C-F286-5ADE-CC755E7F20B2}.Release|Any CPU.ActiveCfg = Release|Any CPU
		{6537C079-C30C-F286-5ADE-CC755E7F20B2}.Release|Any CPU.Build.0 = Release|Any CPU
	EndGlobalSection
	GlobalSection(SolutionProperties) = preSolution
		HideSolutionNode = FALSE
	EndGlobalSection
	GlobalSection(ExtensibilityGlobals) = postSolution
		SolutionGuid = {B5933B46-7868-4602-A71F-94E07A46CBC9}
	EndGlobalSection
EndGlobal
